dependencies:
- name: common
  repository: file://../common
  version: 0.1.0
- name: postgresql
  repository: https://charts.bitnami.com/bitnami
  version: 15.5.27
- name: redis
  repository: https://charts.bitnami.com/bitnami
  version: 19.0.1
digest: sha256:cd0b3bebb32bfa78c2fb9417fa51c37a1eb21e32658f67cee185bba0d7627cf9
generated: "2024-09-03T22:47:04.154471+03:00"
